
Microsoft Visual Studio Solution File, Format Version 12.00
# Visual Studio Version 17
VisualStudioVersion = 17.9.34728.123
MinimumVisualStudioVersion = 10.0.40219.1
Project("{FAE04EC0-301F-11D3-BF4B-00C04F79EFBC}") = "RevitAPI_First", "RevitAPI_First\RevitAPI_First.csproj", "{833643E1-936E-498D-8A5B-AC0B22A2516D}"
EndProject
Global
	GlobalSection(SolutionConfigurationPlatforms) = preSolution
		Debug|Any CPU = Debug|Any CPU
		Release|Any CPU = Release|Any CPU
	EndGlobalSection
	GlobalSection(ProjectConfigurationPlatforms) = postSolution
		{833643E1-936E-498D-8A5B-AC0B22A2516D}.Debug|Any CPU.ActiveCfg = Debug|Any CPU
		{833643E1-936E-498D-8A5B-AC0B22A2516D}.Debug|Any CPU.Build.0 = Debug|Any CPU
		{833643E1-936E-498D-8A5B-AC0B22A2516D}.Release|Any CPU.ActiveCfg = Release|Any CPU
		{833643E1-936E-498D-8A5B-AC0B22A2516D}.Release|Any CPU.Build.0 = Release|Any CPU
	EndGlobalSection
	GlobalSection(SolutionProperties) = preSolution
		HideSolutionNode = FALSE
	EndGlobalSection
	GlobalSection(ExtensibilityGlobals) = postSolution
		SolutionGuid = {D1209797-CA3E-49BB-A7BA-4505CFF35FFB}
	EndGlobalSection
EndGlobal
